
Microsoft Visual Studio Solution File, Format Version 12.00
# Visual Studio 15
VisualStudioVersion = 15.0.27004.2009
MinimumVisualStudioVersion = 10.0.40219.1
Project("{9A19103F-16F7-4668-BE54-9A1E7A4F7556}") = "AuthyDotNet", "AuthyDotNet\AuthyDotNet.csproj", "{F9034734-F463-4CFF-8835-5B2A94A2ED45}"
EndProject
Project("{FAE04EC0-301F-11D3-BF4B-00C04F79EFBC}") = "AuthyDotNet.UnitTests", "AuthyDotNet.UnitTests\AuthyDotNet.UnitTests.csproj", "{8F2F9724-2EFA-4248-AE92-A5CAEF5787E4}"
EndProject
Global
	GlobalSection(SolutionConfigurationPlatforms) = preSolution
		Debug|Any CPU = Debug|Any CPU
		Release|Any CPU = Release|Any CPU
	EndGlobalSection
	GlobalSection(ProjectConfigurationPlatforms) = postSolution
		{F9034734-F463-4CFF-8835-5B2A94A2ED45}.Debug|Any CPU.ActiveCfg = Debug|Any CPU
		{F9034734-F463-4CFF-8835-5B2A94A2ED45}.Debug|Any CPU.Build.0 = Debug|Any CPU
		{F9034734-F463-4CFF-8835-5B2A94A2ED45}.Release|Any CPU.ActiveCfg = Release|Any CPU
		{F9034734-F463-4CFF-8835-5B2A94A2ED45}.Release|Any CPU.Build.0 = Release|Any CPU
		{8F2F9724-2EFA-4248-AE92-A5CAEF5787E4}.Debug|Any CPU.ActiveCfg = Debug|Any CPU
		{8F2F9724-2EFA-4248-AE92-A5CAEF5787E4}.Debug|Any CPU.Build.0 = Debug|Any CPU
		{8F2F9724-2EFA-4248-AE92-A5CAEF5787E4}.Release|Any CPU.ActiveCfg = Release|Any CPU
		{8F2F9724-2EFA-4248-AE92-A5CAEF5787E4}.Release|Any CPU.Build.0 = Release|Any CPU
	EndGlobalSection
	GlobalSection(SolutionProperties) = preSolution
		HideSolutionNode = FALSE
	EndGlobalSection
	GlobalSection(ExtensibilityGlobals) = postSolution
		SolutionGuid = {E779A90D-818A-44EB-B1E6-BAFC2F72BD91}
	EndGlobalSection
EndGlobal
